// !$*UTF8*$!
{
	archiveVersion = 1;
	classes = {
	};
	objectVersion = 46;
	objects = {

/* Begin PBXBuildFile section */
		1A720DB41AFA894500FE30E6 /* WPSearchHostViewControllerOld.m in Sources */ = {isa = PBXBuildFile; fileRef = 1A720DB31AFA894500FE30E6 /* WPSearchHostViewControllerOld.m */; };
		5005E24319697CE200CEAFDF /* WPSearchHostTableViewController.m in Sources */ = {isa = PBXBuildFile; fileRef = 5005E24219697CE200CEAFDF /* WPSearchHostTableViewController.m */; };
		50203B9D19A5EE7900E76213 /* LICENSE in Resources */ = {isa = PBXBuildFile; fileRef = 50203B6619A5EE7900E76213 /* LICENSE */; };
		50203B9E19A5EE7900E76213 /* POPAnimatableProperty.mm in Sources */ = {isa = PBXBuildFile; fileRef = 50203B6B19A5EE7900E76213 /* POPAnimatableProperty.mm */; };
		50203B9F19A5EE7900E76213 /* POPAnimation.mm in Sources */ = {isa = PBXBuildFile; fileRef = 50203B6D19A5EE7900E76213 /* POPAnimation.mm */; };
		50203BA019A5EE7900E76213 /* POPAnimationEvent.mm in Sources */ = {isa = PBXBuildFile; fileRef = 50203B6F19A5EE7900E76213 /* POPAnimationEvent.mm */; };
		50203BA119A5EE7900E76213 /* POPAnimationExtras.mm in Sources */ = {isa = PBXBuildFile; fileRef = 50203B7219A5EE7900E76213 /* POPAnimationExtras.mm */; };
		50203BA219A5EE7900E76213 /* POPAnimationRuntime.mm in Sources */ = {isa = PBXBuildFile; fileRef = 50203B7619A5EE7900E76213 /* POPAnimationRuntime.mm */; };
		50203BA319A5EE7900E76213 /* POPAnimationTracer.mm in Sources */ = {isa = PBXBuildFile; fileRef = 50203B7819A5EE7900E76213 /* POPAnimationTracer.mm */; };
		50203BA419A5EE7900E76213 /* POPAnimator.mm in Sources */ = {isa = PBXBuildFile; fileRef = 50203B7B19A5EE7900E76213 /* POPAnimator.mm */; };
		50203BA519A5EE7900E76213 /* POPBasicAnimation.mm in Sources */ = {isa = PBXBuildFile; fileRef = 50203B7E19A5EE7900E76213 /* POPBasicAnimation.mm */; };
		50203BA619A5EE7900E76213 /* POPCGUtils.mm in Sources */ = {isa = PBXBuildFile; fileRef = 50203B8119A5EE7900E76213 /* POPCGUtils.mm */; };
		50203BA719A5EE7900E76213 /* POPCustomAnimation.mm in Sources */ = {isa = PBXBuildFile; fileRef = 50203B8319A5EE7900E76213 /* POPCustomAnimation.mm */; };
		50203BA819A5EE7900E76213 /* POPDecayAnimation.mm in Sources */ = {isa = PBXBuildFile; fileRef = 50203B8519A5EE7900E76213 /* POPDecayAnimation.mm */; };
		50203BA919A5EE7900E76213 /* POPGeometry.mm in Sources */ = {isa = PBXBuildFile; fileRef = 50203B8919A5EE7900E76213 /* POPGeometry.mm */; };
		50203BAA19A5EE7900E76213 /* POPLayerExtras.mm in Sources */ = {isa = PBXBuildFile; fileRef = 50203B8B19A5EE7900E76213 /* POPLayerExtras.mm */; };
		50203BAB19A5EE7900E76213 /* POPMath.mm in Sources */ = {isa = PBXBuildFile; fileRef = 50203B8D19A5EE7900E76213 /* POPMath.mm */; };
		50203BAC19A5EE7900E76213 /* POPPropertyAnimation.mm in Sources */ = {isa = PBXBuildFile; fileRef = 50203B8F19A5EE7900E76213 /* POPPropertyAnimation.mm */; };
		50203BAD19A5EE7900E76213 /* POPSpringAnimation.mm in Sources */ = {isa = PBXBuildFile; fileRef = 50203B9219A5EE7900E76213 /* POPSpringAnimation.mm */; };
		50203BAE19A5EE7900E76213 /* POPVector.mm in Sources */ = {isa = PBXBuildFile; fileRef = 50203B9619A5EE7900E76213 /* POPVector.mm */; };
		50203BAF19A5EE7900E76213 /* TransformationMatrix.cpp in Sources */ = {isa = PBXBuildFile; fileRef = 50203B9919A5EE7900E76213 /* TransformationMatrix.cpp */; };
		50203BB419A5EF2900E76213 /* FlatButton.m in Sources */ = {isa = PBXBuildFile; fileRef = 50203BB319A5EF2900E76213 /* FlatButton.m */; };
		503D42271932248B004EE93D /* WPUnrecognizedGuestViewController.m in Sources */ = {isa = PBXBuildFile; fileRef = 503D42261932248B004EE93D /* WPUnrecognizedGuestViewController.m */; };
		503D429219323FEB004EE93D /* CALayer+XibConfiguration.m in Sources */ = {isa = PBXBuildFile; fileRef = 503D429119323FEB004EE93D /* CALayer+XibConfiguration.m */; };
		504C8F4319A9DFB600AFDB4A /* WPWatingViewController.m in Sources */ = {isa = PBXBuildFile; fileRef = 504C8F4219A9DFB600AFDB4A /* WPWatingViewController.m */; };
		509808F6190CE9640096AF42 /* WPInnovaServer.m in Sources */ = {isa = PBXBuildFile; fileRef = 509808F5190CE9640096AF42 /* WPInnovaServer.m */; };
		509808F9190CF5EC0096AF42 /* WPFaceDetectionViewControolerViewController.m in Sources */ = {isa = PBXBuildFile; fileRef = 509808F8190CF5EC0096AF42 /* WPFaceDetectionViewControolerViewController.m */; };
		509808FF190D1B020096AF42 /* CoreImage.framework in Frameworks */ = {isa = PBXBuildFile; fileRef = 509808FE190D1B020096AF42 /* CoreImage.framework */; };
		50980903190D26C50096AF42 /* MBProgressHUD.m in Sources */ = {isa = PBXBuildFile; fileRef = 50980902190D26C50096AF42 /* MBProgressHUD.m */; };
		50980907190D2FFA0096AF42 /* WPRecognizedGuestViewController.m in Sources */ = {isa = PBXBuildFile; fileRef = 50980906190D2FFA0096AF42 /* WPRecognizedGuestViewController.m */; };
		5098090B190D3E030096AF42 /* NSObject+Block.m in Sources */ = {isa = PBXBuildFile; fileRef = 5098090A190D3E030096AF42 /* NSObject+Block.m */; };
		50C5107118E87DD200E93F3B /* Foundation.framework in Frameworks */ = {isa = PBXBuildFile; fileRef = 50C5107018E87DD200E93F3B /* Foundation.framework */; };
		50C5107318E87DD200E93F3B /* CoreGraphics.framework in Frameworks */ = {isa = PBXBuildFile; fileRef = 50C5107218E87DD200E93F3B /* CoreGraphics.framework */; };
		50C5107518E87DD200E93F3B /* UIKit.framework in Frameworks */ = {isa = PBXBuildFile; fileRef = 50C5107418E87DD200E93F3B /* UIKit.framework */; };
		50C5107B18E87DD200E93F3B /* InfoPlist.strings in Resources */ = {isa = PBXBuildFile; fileRef = 50C5107918E87DD200E93F3B /* InfoPlist.strings */; };
		50C5107D18E87DD200E93F3B /* main.m in Sources */ = {isa = PBXBuildFile; fileRef = 50C5107C18E87DD200E93F3B /* main.m */; };
		50C5108118E87DD200E93F3B /* WPAppDelegate.m in Sources */ = {isa = PBXBuildFile; fileRef = 50C5108018E87DD200E93F3B /* WPAppDelegate.m */; };
		50C5108418E87DD200E93F3B /* Main.storyboard in Resources */ = {isa = PBXBuildFile; fileRef = 50C5108218E87DD200E93F3B /* Main.storyboard */; };
		50C5108718E87DD200E93F3B /* WPMainViewController.m in Sources */ = {isa = PBXBuildFile; fileRef = 50C5108618E87DD200E93F3B /* WPMainViewController.m */; };
		50C5108918E87DD200E93F3B /* Images.xcassets in Resources */ = {isa = PBXBuildFile; fileRef = 50C5108818E87DD200E93F3B /* Images.xcassets */; };
		50D79FFB19C1E0B90006C043 /* CitiInnovationLabTLV.mov in Resources */ = {isa = PBXBuildFile; fileRef = 50D79FFA19C1E0B90006C043 /* CitiInnovationLabTLV.mov */; };
		50F0736A190CE5520041BA84 /* AFHTTPRequestOperation.m in Sources */ = {isa = PBXBuildFile; fileRef = 50F07358190CE5520041BA84 /* AFHTTPRequestOperation.m */; };
		50F0736B190CE5520041BA84 /* AFHTTPRequestOperationManager.m in Sources */ = {isa = PBXBuildFile; fileRef = 50F0735A190CE5520041BA84 /* AFHTTPRequestOperationManager.m */; };
		50F0736C190CE5520041BA84 /* AFHTTPSessionManager.m in Sources */ = {isa = PBXBuildFile; fileRef = 50F0735C190CE5520041BA84 /* AFHTTPSessionManager.m */; };
		50F0736D190CE5520041BA84 /* AFNetworkReachabilityManager.m in Sources */ = {isa = PBXBuildFile; fileRef = 50F0735F190CE5520041BA84 /* AFNetworkReachabilityManager.m */; };
		50F0736E190CE5520041BA84 /* AFSecurityPolicy.m in Sources */ = {isa = PBXBuildFile; fileRef = 50F07361190CE5520041BA84 /* AFSecurityPolicy.m */; };
		50F0736F190CE5520041BA84 /* AFURLConnectionOperation.m in Sources */ = {isa = PBXBuildFile; fileRef = 50F07363190CE5520041BA84 /* AFURLConnectionOperation.m */; };
		50F07370190CE5520041BA84 /* AFURLRequestSerialization.m in Sources */ = {isa = PBXBuildFile; fileRef = 50F07365190CE5520041BA84 /* AFURLRequestSerialization.m */; };
		50F07371190CE5520041BA84 /* AFURLResponseSerialization.m in Sources */ = {isa = PBXBuildFile; fileRef = 50F07367190CE5520041BA84 /* AFURLResponseSerialization.m */; };
		50F07372190CE5520041BA84 /* AFURLSessionManager.m in Sources */ = {isa = PBXBuildFile; fileRef = 50F07369190CE5520041BA84 /* AFURLSessionManager.m */; };
		50F29457190D5982008C7E58 /* WPFloatingView.m in Sources */ = {isa = PBXBuildFile; fileRef = 50F29456190D5982008C7E58 /* WPFloatingView.m */; };
/* End PBXBuildFile section */

/* Begin PBXFileReference section */
		1A720DB21AFA894500FE30E6 /* WPSearchHostViewControllerOld.h */ = {isa = PBXFileReference; fileEncoding = 4; lastKnownFileType = sourcecode.c.h; path = WPSearchHostViewControllerOld.h; sourceTree = "<group>"; };
		1A720DB31AFA894500FE30E6 /* WPSearchHostViewControllerOld.m */ = {isa = PBXFileReference; fileEncoding = 4; lastKnownFileType = sourcecode.c.objc; path = WPSearchHostViewControllerOld.m; sourceTree = "<group>"; };
		5005E24119697CE200CEAFDF /* WPSearchHostTableViewController.h */ = {isa = PBXFileReference; fileEncoding = 4; lastKnownFileType = sourcecode.c.h; path = WPSearchHostTableViewController.h; sourceTree = "<group>"; };
		5005E24219697CE200CEAFDF /* WPSearchHostTableViewController.m */ = {isa = PBXFileReference; fileEncoding = 4; lastKnownFileType = sourcecode.c.objc; path = WPSearchHostTableViewController.m; sourceTree = "<group>"; };
		50203B6619A5EE7900E76213 /* LICENSE */ = {isa = PBXFileReference; fileEncoding = 4; lastKnownFileType = text; path = LICENSE; sourceTree = "<group>"; };
		50203B6819A5EE7900E76213 /* POP.h */ = {isa = PBXFileReference; fileEncoding = 4; lastKnownFileType = sourcecode.c.h; path = POP.h; sourceTree = "<group>"; };
		50203B6919A5EE7900E76213 /* POPAction.h */ = {isa = PBXFileReference; fileEncoding = 4; lastKnownFileType = sourcecode.c.h; path = POPAction.h; sourceTree = "<group>"; };
		50203B6A19A5EE7900E76213 /* POPAnimatableProperty.h */ = {isa = PBXFileReference; fileEncoding = 4; lastKnownFileType = sourcecode.c.h; path = POPAnimatableProperty.h; sourceTree = "<group>"; };
		50203B6B19A5EE7900E76213 /* POPAnimatableProperty.mm */ = {isa = PBXFileReference; fileEncoding = 4; lastKnownFileType = sourcecode.cpp.objcpp; path = POPAnimatableProperty.mm; sourceTree = "<group>"; };
		50203B6C19A5EE7900E76213 /* POPAnimation.h */ = {isa = PBXFileReference; fileEncoding = 4; lastKnownFileType = sourcecode.c.h; path = POPAnimation.h; sourceTree = "<group>"; };
		50203B6D19A5EE7900E76213 /* POPAnimation.mm */ = {isa = PBXFileReference; fileEncoding = 4; lastKnownFileType = sourcecode.cpp.objcpp; path = POPAnimation.mm; sourceTree = "<group>"; };
		50203B6E19A5EE7900E76213 /* POPAnimationEvent.h */ = {isa = PBXFileReference; fileEncoding = 4; lastKnownFileType = sourcecode.c.h; path = POPAnimationEvent.h; sourceTree = "<group>"; };
		50203B6F19A5EE7900E76213 /* POPAnimationEvent.mm */ = {isa = PBXFileReference; fileEncoding = 4; lastKnownFileType = sourcecode.cpp.objcpp; path = POPAnimationEvent.mm; sourceTree = "<group>"; };
		50203B7019A5EE7900E76213 /* POPAnimationEventInternal.h */ = {isa = PBXFileReference; fileEncoding = 4; lastKnownFileType = sourcecode.c.h; path = POPAnimationEventInternal.h; sourceTree = "<group>"; };
		50203B7119A5EE7900E76213 /* POPAnimationExtras.h */ = {isa = PBXFileReference; fileEncoding = 4; lastKnownFileType = sourcecode.c.h; path = POPAnimationExtras.h; sourceTree = "<group>"; };
		50203B7219A5EE7900E76213 /* POPAnimationExtras.mm */ = {isa = PBXFileReference; fileEncoding = 4; lastKnownFileType = sourcecode.cpp.objcpp; path = POPAnimationExtras.mm; sourceTree = "<group>"; };
		50203B7319A5EE7900E76213 /* POPAnimationInternal.h */ = {isa = PBXFileReference; fileEncoding = 4; lastKnownFileType = sourcecode.c.h; path = POPAnimationInternal.h; sourceTree = "<group>"; };
		50203B7419A5EE7900E76213 /* POPAnimationPrivate.h */ = {isa = PBXFileReference; fileEncoding = 4; lastKnownFileType = sourcecode.c.h; path = POPAnimationPrivate.h; sourceTree = "<group>"; };
		50203B7519A5EE7900E76213 /* POPAnimationRuntime.h */ = {isa = PBXFileReference; fileEncoding = 4; lastKnownFileType = sourcecode.c.h; path = POPAnimationRuntime.h; sourceTree = "<group>"; };
		50203B7619A5EE7900E76213 /* POPAnimationRuntime.mm */ = {isa = PBXFileReference; fileEncoding = 4; lastKnownFileType = sourcecode.cpp.objcpp; path = POPAnimationRuntime.mm; sourceTree = "<group>"; };
		50203B7719A5EE7900E76213 /* POPAnimationTracer.h */ = {isa = PBXFileReference; fileEncoding = 4; lastKnownFileType = sourcecode.c.h; path = POPAnimationTracer.h; sourceTree = "<group>"; };
		50203B7819A5EE7900E76213 /* POPAnimationTracer.mm */ = {isa = PBXFileReference; fileEncoding = 4; lastKnownFileType = sourcecode.cpp.objcpp; path = POPAnimationTracer.mm; sourceTree = "<group>"; };
		50203B7919A5EE7900E76213 /* POPAnimationTracerInternal.h */ = {isa = PBXFileReference; fileEncoding = 4; lastKnownFileType = sourcecode.c.h; path = POPAnimationTracerInternal.h; sourceTree = "<group>"; };
		50203B7A19A5EE7900E76213 /* POPAnimator.h */ = {isa = PBXFileReference; fileEncoding = 4; lastKnownFileType = sourcecode.c.h; path = POPAnimator.h; sourceTree = "<group>"; };
		50203B7B19A5EE7900E76213 /* POPAnimator.mm */ = {isa = PBXFileReference; fileEncoding = 4; lastKnownFileType = sourcecode.cpp.objcpp; path = POPAnimator.mm; sourceTree = "<group>"; };
		50203B7C19A5EE7900E76213 /* POPAnimatorPrivate.h */ = {isa = PBXFileReference; fileEncoding = 4; lastKnownFileType = sourcecode.c.h; path = POPAnimatorPrivate.h; sourceTree = "<group>"; };
		50203B7D19A5EE7900E76213 /* POPBasicAnimation.h */ = {isa = PBXFileReference; fileEncoding = 4; lastKnownFileType = sourcecode.c.h; path = POPBasicAnimation.h; sourceTree = "<group>"; };
		50203B7E19A5EE7900E76213 /* POPBasicAnimation.mm */ = {isa = PBXFileReference; fileEncoding = 4; lastKnownFileType = sourcecode.cpp.objcpp; path = POPBasicAnimation.mm; sourceTree = "<group>"; };
		50203B7F19A5EE7900E76213 /* POPBasicAnimationInternal.h */ = {isa = PBXFileReference; fileEncoding = 4; lastKnownFileType = sourcecode.c.h; path = POPBasicAnimationInternal.h; sourceTree = "<group>"; };
		50203B8019A5EE7900E76213 /* POPCGUtils.h */ = {isa = PBXFileReference; fileEncoding = 4; lastKnownFileType = sourcecode.c.h; path = POPCGUtils.h; sourceTree = "<group>"; };
		50203B8119A5EE7900E76213 /* POPCGUtils.mm */ = {isa = PBXFileReference; fileEncoding = 4; lastKnownFileType = sourcecode.cpp.objcpp; path = POPCGUtils.mm; sourceTree = "<group>"; };
		50203B8219A5EE7900E76213 /* POPCustomAnimation.h */ = {isa = PBXFileReference; fileEncoding = 4; lastKnownFileType = sourcecode.c.h; path = POPCustomAnimation.h; sourceTree = "<group>"; };
		50203B8319A5EE7900E76213 /* POPCustomAnimation.mm */ = {isa = PBXFileReference; fileEncoding = 4; lastKnownFileType = sourcecode.cpp.objcpp; path = POPCustomAnimation.mm; sourceTree = "<group>"; };
		50203B8419A5EE7900E76213 /* POPDecayAnimation.h */ = {isa = PBXFileReference; fileEncoding = 4; lastKnownFileType = sourcecode.c.h; path = POPDecayAnimation.h; sourceTree = "<group>"; };
		50203B8519A5EE7900E76213 /* POPDecayAnimation.mm */ = {isa = PBXFileReference; fileEncoding = 4; lastKnownFileType = sourcecode.cpp.objcpp; path = POPDecayAnimation.mm; sourceTree = "<group>"; };
		50203B8619A5EE7900E76213 /* POPDecayAnimationInternal.h */ = {isa = PBXFileReference; fileEncoding = 4; lastKnownFileType = sourcecode.c.h; path = POPDecayAnimationInternal.h; sourceTree = "<group>"; };
		50203B8719A5EE7900E76213 /* POPDefines.h */ = {isa = PBXFileReference; fileEncoding = 4; lastKnownFileType = sourcecode.c.h; path = POPDefines.h; sourceTree = "<group>"; };
		50203B8819A5EE7900E76213 /* POPGeometry.h */ = {isa = PBXFileReference; fileEncoding = 4; lastKnownFileType = sourcecode.c.h; path = POPGeometry.h; sourceTree = "<group>"; };
		50203B8919A5EE7900E76213 /* POPGeometry.mm */ = {isa = PBXFileReference; fileEncoding = 4; lastKnownFileType = sourcecode.cpp.objcpp; path = POPGeometry.mm; sourceTree = "<group>"; };
		50203B8A19A5EE7900E76213 /* POPLayerExtras.h */ = {isa = PBXFileReference; fileEncoding = 4; lastKnownFileType = sourcecode.c.h; path = POPLayerExtras.h; sourceTree = "<group>"; };
		50203B8B19A5EE7900E76213 /* POPLayerExtras.mm */ = {isa = PBXFileReference; fileEncoding = 4; lastKnownFileType = sourcecode.cpp.objcpp; path = POPLayerExtras.mm; sourceTree = "<group>"; };
		50203B8C19A5EE7900E76213 /* POPMath.h */ = {isa = PBXFileReference; fileEncoding = 4; lastKnownFileType = sourcecode.c.h; path = POPMath.h; sourceTree = "<group>"; };
		50203B8D19A5EE7900E76213 /* POPMath.mm */ = {isa = PBXFileReference; fileEncoding = 4; lastKnownFileType = sourcecode.cpp.objcpp; path = POPMath.mm; sourceTree = "<group>"; };
		50203B8E19A5EE7900E76213 /* POPPropertyAnimation.h */ = {isa = PBXFileReference; fileEncoding = 4; lastKnownFileType = sourcecode.c.h; path = POPPropertyAnimation.h; sourceTree = "<group>"; };
		50203B8F19A5EE7900E76213 /* POPPropertyAnimation.mm */ = {isa = PBXFileReference; fileEncoding = 4; lastKnownFileType = sourcecode.cpp.objcpp; path = POPPropertyAnimation.mm; sourceTree = "<group>"; };
		50203B9019A5EE7900E76213 /* POPPropertyAnimationInternal.h */ = {isa = PBXFileReference; fileEncoding = 4; lastKnownFileType = sourcecode.c.h; path = POPPropertyAnimationInternal.h; sourceTree = "<group>"; };
		50203B9119A5EE7900E76213 /* POPSpringAnimation.h */ = {isa = PBXFileReference; fileEncoding = 4; lastKnownFileType = sourcecode.c.h; path = POPSpringAnimation.h; sourceTree = "<group>"; };
		50203B9219A5EE7900E76213 /* POPSpringAnimation.mm */ = {isa = PBXFileReference; fileEncoding = 4; lastKnownFileType = sourcecode.cpp.objcpp; path = POPSpringAnimation.mm; sourceTree = "<group>"; };
		50203B9319A5EE7900E76213 /* POPSpringAnimationInternal.h */ = {isa = PBXFileReference; fileEncoding = 4; lastKnownFileType = sourcecode.c.h; path = POPSpringAnimationInternal.h; sourceTree = "<group>"; };
		50203B9419A5EE7900E76213 /* POPSpringSolver.h */ = {isa = PBXFileReference; fileEncoding = 4; lastKnownFileType = sourcecode.c.h; path = POPSpringSolver.h; sourceTree = "<group>"; };
		50203B9519A5EE7900E76213 /* POPVector.h */ = {isa = PBXFileReference; fileEncoding = 4; lastKnownFileType = sourcecode.c.h; path = POPVector.h; sourceTree = "<group>"; };
		50203B9619A5EE7900E76213 /* POPVector.mm */ = {isa = PBXFileReference; fileEncoding = 4; lastKnownFileType = sourcecode.cpp.objcpp; path = POPVector.mm; sourceTree = "<group>"; };
		50203B9819A5EE7900E76213 /* FloatConversion.h */ = {isa = PBXFileReference; fileEncoding = 4; lastKnownFileType = sourcecode.c.h; path = FloatConversion.h; sourceTree = "<group>"; };
		50203B9919A5EE7900E76213 /* TransformationMatrix.cpp */ = {isa = PBXFileReference; fileEncoding = 4; lastKnownFileType = sourcecode.cpp.cpp; path = TransformationMatrix.cpp; sourceTree = "<group>"; };
		50203B9A19A5EE7900E76213 /* TransformationMatrix.h */ = {isa = PBXFileReference; fileEncoding = 4; lastKnownFileType = sourcecode.c.h; path = TransformationMatrix.h; sourceTree = "<group>"; };
		50203B9B19A5EE7900E76213 /* UnitBezier.h */ = {isa = PBXFileReference; fileEncoding = 4; lastKnownFileType = sourcecode.c.h; path = UnitBezier.h; sourceTree = "<group>"; };
		50203BB219A5EF2900E76213 /* FlatButton.h */ = {isa = PBXFileReference; fileEncoding = 4; lastKnownFileType = sourcecode.c.h; path = FlatButton.h; sourceTree = "<group>"; };
		50203BB319A5EF2900E76213 /* FlatButton.m */ = {isa = PBXFileReference; fileEncoding = 4; lastKnownFileType = sourcecode.c.objc; path = FlatButton.m; sourceTree = "<group>"; };
		503D42251932248B004EE93D /* WPUnrecognizedGuestViewController.h */ = {isa = PBXFileReference; fileEncoding = 4; lastKnownFileType = sourcecode.c.h; path = WPUnrecognizedGuestViewController.h; sourceTree = "<group>"; };
		503D42261932248B004EE93D /* WPUnrecognizedGuestViewController.m */ = {isa = PBXFileReference; fileEncoding = 4; lastKnownFileType = sourcecode.c.objc; path = WPUnrecognizedGuestViewController.m; sourceTree = "<group>"; };
		503D429019323FEB004EE93D /* CALayer+XibConfiguration.h */ = {isa = PBXFileReference; fileEncoding = 4; lastKnownFileType = sourcecode.c.h; name = "CALayer+XibConfiguration.h"; path = "Third Party/ConverntionalC/CALayer+XibConfiguration.h"; sourceTree = "<group>"; };
		503D429119323FEB004EE93D /* CALayer+XibConfiguration.m */ = {isa = PBXFileReference; fileEncoding = 4; lastKnownFileType = sourcecode.c.objc; name = "CALayer+XibConfiguration.m"; path = "Third Party/ConverntionalC/CALayer+XibConfiguration.m"; sourceTree = "<group>"; };
		504C8F4119A9DFB600AFDB4A /* WPWatingViewController.h */ = {isa = PBXFileReference; fileEncoding = 4; lastKnownFileType = sourcecode.c.h; path = WPWatingViewController.h; sourceTree = "<group>"; };
		504C8F4219A9DFB600AFDB4A /* WPWatingViewController.m */ = {isa = PBXFileReference; fileEncoding = 4; lastKnownFileType = sourcecode.c.objc; path = WPWatingViewController.m; sourceTree = "<group>"; };
		509808ED190CE8400096AF42 /* WPServer.h */ = {isa = PBXFileReference; lastKnownFileType = sourcecode.c.h; name = WPServer.h; path = Server/WPServer.h; sourceTree = "<group>"; };
		509808F4190CE9640096AF42 /* WPInnovaServer.h */ = {isa = PBXFileReference; fileEncoding = 4; lastKnownFileType = sourcecode.c.h; name = WPInnovaServer.h; path = Server/WPInnovaServer.h; sourceTree = "<group>"; };
		509808F5190CE9640096AF42 /* WPInnovaServer.m */ = {isa = PBXFileReference; fileEncoding = 4; lastKnownFileType = sourcecode.c.objc; name = WPInnovaServer.m; path = Server/WPInnovaServer.m; sourceTree = "<group>"; };
		509808F7190CF5EC0096AF42 /* WPFaceDetectionViewControolerViewController.h */ = {isa = PBXFileReference; fileEncoding = 4; lastKnownFileType = sourcecode.c.h; name = WPFaceDetectionViewControolerViewController.h; path = "Face Detection/WPFaceDetectionViewControolerViewController.h"; sourceTree = "<group>"; };
		509808F8190CF5EC0096AF42 /* WPFaceDetectionViewControolerViewController.m */ = {isa = PBXFileReference; fileEncoding = 4; lastKnownFileType = sourcecode.c.objc; name = WPFaceDetectionViewControolerViewController.m; path = "Face Detection/WPFaceDetectionViewControolerViewController.m"; sourceTree = "<group>"; };
		509808FE190D1B020096AF42 /* CoreImage.framework */ = {isa = PBXFileReference; lastKnownFileType = wrapper.framework; name = CoreImage.framework; path = System/Library/Frameworks/CoreImage.framework; sourceTree = SDKROOT; };
		50980901190D26C50096AF42 /* MBProgressHUD.h */ = {isa = PBXFileReference; fileEncoding = 4; lastKnownFileType = sourcecode.c.h; name = MBProgressHUD.h; path = "Third Party/MBProgressHUD/MBProgressHUD.h"; sourceTree = "<group>"; };
		50980902190D26C50096AF42 /* MBProgressHUD.m */ = {isa = PBXFileReference; fileEncoding = 4; lastKnownFileType = sourcecode.c.objc; name = MBProgressHUD.m; path = "Third Party/MBProgressHUD/MBProgressHUD.m"; sourceTree = "<group>"; };
		50980905190D2FFA0096AF42 /* WPRecognizedGuestViewController.h */ = {isa = PBXFileReference; fileEncoding = 4; lastKnownFileType = sourcecode.c.h; path = WPRecognizedGuestViewController.h; sourceTree = "<group>"; };
		50980906190D2FFA0096AF42 /* WPRecognizedGuestViewController.m */ = {isa = PBXFileReference; fileEncoding = 4; lastKnownFileType = sourcecode.c.objc; path = WPRecognizedGuestViewController.m; sourceTree = "<group>"; };
		50980909190D3E030096AF42 /* NSObject+Block.h */ = {isa = PBXFileReference; fileEncoding = 4; lastKnownFileType = sourcecode.c.h; name = "NSObject+Block.h"; path = "WelcomeProject/Extensions/Categories/NSObject+Block.h"; sourceTree = "<group>"; };
		5098090A190D3E030096AF42 /* NSObject+Block.m */ = {isa = PBXFileReference; fileEncoding = 4; lastKnownFileType = sourcecode.c.objc; name = "NSObject+Block.m"; path = "WelcomeProject/Extensions/Categories/NSObject+Block.m"; sourceTree = "<group>"; };
		50C5106D18E87DD200E93F3B /* WelcomeProject.app */ = {isa = PBXFileReference; explicitFileType = wrapper.application; includeInIndex = 0; path = WelcomeProject.app; sourceTree = BUILT_PRODUCTS_DIR; };
		50C5107018E87DD200E93F3B /* Foundation.framework */ = {isa = PBXFileReference; lastKnownFileType = wrapper.framework; name = Foundation.framework; path = System/Library/Frameworks/Foundation.framework; sourceTree = SDKROOT; };
		50C5107218E87DD200E93F3B /* CoreGraphics.framework */ = {isa = PBXFileReference; lastKnownFileType = wrapper.framework; name = CoreGraphics.framework; path = System/Library/Frameworks/CoreGraphics.framework; sourceTree = SDKROOT; };
		50C5107418E87DD200E93F3B /* UIKit.framework */ = {isa = PBXFileReference; lastKnownFileType = wrapper.framework; name = UIKit.framework; path = System/Library/Frameworks/UIKit.framework; sourceTree = SDKROOT; };
		50C5107818E87DD200E93F3B /* WelcomeProject-Info.plist */ = {isa = PBXFileReference; lastKnownFileType = text.plist.xml; path = "WelcomeProject-Info.plist"; sourceTree = "<group>"; };
		50C5107A18E87DD200E93F3B /* en */ = {isa = PBXFileReference; lastKnownFileType = text.plist.strings; name = en; path = en.lproj/InfoPlist.strings; sourceTree = "<group>"; };
		50C5107C18E87DD200E93F3B /* main.m */ = {isa = PBXFileReference; lastKnownFileType = sourcecode.c.objc; path = main.m; sourceTree = "<group>"; };
		50C5107E18E87DD200E93F3B /* WelcomeProject-Prefix.pch */ = {isa = PBXFileReference; lastKnownFileType = sourcecode.c.h; path = "WelcomeProject-Prefix.pch"; sourceTree = "<group>"; };
		50C5107F18E87DD200E93F3B /* WPAppDelegate.h */ = {isa = PBXFileReference; lastKnownFileType = sourcecode.c.h; path = WPAppDelegate.h; sourceTree = "<group>"; };
		50C5108018E87DD200E93F3B /* WPAppDelegate.m */ = {isa = PBXFileReference; lastKnownFileType = sourcecode.c.objc; path = WPAppDelegate.m; sourceTree = "<group>"; };
		50C5108318E87DD200E93F3B /* Base */ = {isa = PBXFileReference; lastKnownFileType = file.storyboard; name = Base; path = Base.lproj/Main.storyboard; sourceTree = "<group>"; };
		50C5108518E87DD200E93F3B /* WPMainViewController.h */ = {isa = PBXFileReference; lastKnownFileType = sourcecode.c.h; path = WPMainViewController.h; sourceTree = "<group>"; };
		50C5108618E87DD200E93F3B /* WPMainViewController.m */ = {isa = PBXFileReference; lastKnownFileType = sourcecode.c.objc; path = WPMainViewController.m; sourceTree = "<group>"; };
		50C5108818E87DD200E93F3B /* Images.xcassets */ = {isa = PBXFileReference; lastKnownFileType = folder.assetcatalog; path = Images.xcassets; sourceTree = "<group>"; };
		50D79FFA19C1E0B90006C043 /* CitiInnovationLabTLV.mov */ = {isa = PBXFileReference; lastKnownFileType = video.quicktime; name = CitiInnovationLabTLV.mov; path = ../CitiInnovationLabTLV.mov; sourceTree = "<group>"; };
		50F07357190CE5520041BA84 /* AFHTTPRequestOperation.h */ = {isa = PBXFileReference; fileEncoding = 4; lastKnownFileType = sourcecode.c.h; path = AFHTTPRequestOperation.h; sourceTree = "<group>"; };
		50F07358190CE5520041BA84 /* AFHTTPRequestOperation.m */ = {isa = PBXFileReference; fileEncoding = 4; lastKnownFileType = sourcecode.c.objc; path = AFHTTPRequestOperation.m; sourceTree = "<group>"; };
		50F07359190CE5520041BA84 /* AFHTTPRequestOperationManager.h */ = {isa = PBXFileReference; fileEncoding = 4; lastKnownFileType = sourcecode.c.h; path = AFHTTPRequestOperationManager.h; sourceTree = "<group>"; };
		50F0735A190CE5520041BA84 /* AFHTTPRequestOperationManager.m */ = {isa = PBXFileReference; fileEncoding = 4; lastKnownFileType = sourcecode.c.objc; path = AFHTTPRequestOperationManager.m; sourceTree = "<group>"; };
		50F0735B190CE5520041BA84 /* AFHTTPSessionManager.h */ = {isa = PBXFileReference; fileEncoding = 4; lastKnownFileType = sourcecode.c.h; path = AFHTTPSessionManager.h; sourceTree = "<group>"; };
		50F0735C190CE5520041BA84 /* AFHTTPSessionManager.m */ = {isa = PBXFileReference; fileEncoding = 4; lastKnownFileType = sourcecode.c.objc; path = AFHTTPSessionManager.m; sourceTree = "<group>"; };
		50F0735D190CE5520041BA84 /* AFNetworking.h */ = {isa = PBXFileReference; fileEncoding = 4; lastKnownFileType = sourcecode.c.h; path = AFNetworking.h; sourceTree = "<group>"; };
		50F0735E190CE5520041BA84 /* AFNetworkReachabilityManager.h */ = {isa = PBXFileReference; fileEncoding = 4; lastKnownFileType = sourcecode.c.h; path = AFNetworkReachabilityManager.h; sourceTree = "<group>"; };
		50F0735F190CE5520041BA84 /* AFNetworkReachabilityManager.m */ = {isa = PBXFileReference; fileEncoding = 4; lastKnownFileType = sourcecode.c.objc; path = AFNetworkReachabilityManager.m; sourceTree = "<group>"; };
		50F07360190CE5520041BA84 /* AFSecurityPolicy.h */ = {isa = PBXFileReference; fileEncoding = 4; lastKnownFileType = sourcecode.c.h; path = AFSecurityPolicy.h; sourceTree = "<group>"; };
		50F07361190CE5520041BA84 /* AFSecurityPolicy.m */ = {isa = PBXFileReference; fileEncoding = 4; lastKnownFileType = sourcecode.c.objc; path = AFSecurityPolicy.m; sourceTree = "<group>"; };
		50F07362190CE5520041BA84 /* AFURLConnectionOperation.h */ = {isa = PBXFileReference; fileEncoding = 4; lastKnownFileType = sourcecode.c.h; path = AFURLConnectionOperation.h; sourceTree = "<group>"; };
		50F07363190CE5520041BA84 /* AFURLConnectionOperation.m */ = {isa = PBXFileReference; fileEncoding = 4; lastKnownFileType = sourcecode.c.objc; path = AFURLConnectionOperation.m; sourceTree = "<group>"; };
		50F07364190CE5520041BA84 /* AFURLRequestSerialization.h */ = {isa = PBXFileReference; fileEncoding = 4; lastKnownFileType = sourcecode.c.h; path = AFURLRequestSerialization.h; sourceTree = "<group>"; };
		50F07365190CE5520041BA84 /* AFURLRequestSerialization.m */ = {isa = PBXFileReference; fileEncoding = 4; lastKnownFileType = sourcecode.c.objc; path = AFURLRequestSerialization.m; sourceTree = "<group>"; };
		50F07366190CE5520041BA84 /* AFURLResponseSerialization.h */ = {isa = PBXFileReference; fileEncoding = 4; lastKnownFileType = sourcecode.c.h; path = AFURLResponseSerialization.h; sourceTree = "<group>"; };
		50F07367190CE5520041BA84 /* AFURLResponseSerialization.m */ = {isa = PBXFileReference; fileEncoding = 4; lastKnownFileType = sourcecode.c.objc; path = AFURLResponseSerialization.m; sourceTree = "<group>"; };
		50F07368190CE5520041BA84 /* AFURLSessionManager.h */ = {isa = PBXFileReference; fileEncoding = 4; lastKnownFileType = sourcecode.c.h; path = AFURLSessionManager.h; sourceTree = "<group>"; };
		50F07369190CE5520041BA84 /* AFURLSessionManager.m */ = {isa = PBXFileReference; fileEncoding = 4; lastKnownFileType = sourcecode.c.objc; path = AFURLSessionManager.m; sourceTree = "<group>"; };
		50F29455190D5982008C7E58 /* WPFloatingView.h */ = {isa = PBXFileReference; fileEncoding = 4; lastKnownFileType = sourcecode.c.h; name = WPFloatingView.h; path = Extensions/UI/WPFloatingView.h; sourceTree = "<group>"; };
		50F29456190D5982008C7E58 /* WPFloatingView.m */ = {isa = PBXFileReference; fileEncoding = 4; lastKnownFileType = sourcecode.c.objc; name = WPFloatingView.m; path = Extensions/UI/WPFloatingView.m; sourceTree = "<group>"; };
/* End PBXFileReference section */

/* Begin PBXFrameworksBuildPhase section */
		50C5106A18E87DD200E93F3B /* Frameworks */ = {
			isa = PBXFrameworksBuildPhase;
			buildActionMask = 2147483647;
			files = (
				509808FF190D1B020096AF42 /* CoreImage.framework in Frameworks */,
				50C5107318E87DD200E93F3B /* CoreGraphics.framework in Frameworks */,
				50C5107518E87DD200E93F3B /* UIKit.framework in Frameworks */,
				50C5107118E87DD200E93F3B /* Foundation.framework in Frameworks */,
			);
			runOnlyForDeploymentPostprocessing = 0;
		};
/* End PBXFrameworksBuildPhase section */

/* Begin PBXGroup section */
		1A720DB81AFE437600FE30E6 /* Guest login Controller */ = {
			isa = PBXGroup;
			children = (
				50C5108518E87DD200E93F3B /* WPMainViewController.h */,
				50C5108618E87DD200E93F3B /* WPMainViewController.m */,
			);
			name = "Guest login Controller";
			sourceTree = "<group>";
		};
		50203B6519A5EE7900E76213 /* pop */ = {
			isa = PBXGroup;
			children = (
				50203B6619A5EE7900E76213 /* LICENSE */,
				50203B6719A5EE7900E76213 /* pop */,
			);
			name = pop;
			path = "Third Party/pop";
			sourceTree = "<group>";
		};
		50203B6719A5EE7900E76213 /* pop */ = {
			isa = PBXGroup;
			children = (
				50203B6819A5EE7900E76213 /* POP.h */,
				50203B6919A5EE7900E76213 /* POPAction.h */,
				50203B6A19A5EE7900E76213 /* POPAnimatableProperty.h */,
				50203B6B19A5EE7900E76213 /* POPAnimatableProperty.mm */,
				50203B6C19A5EE7900E76213 /* POPAnimation.h */,
				50203B6D19A5EE7900E76213 /* POPAnimation.mm */,
				50203B6E19A5EE7900E76213 /* POPAnimationEvent.h */,
				50203B6F19A5EE7900E76213 /* POPAnimationEvent.mm */,
				50203B7019A5EE7900E76213 /* POPAnimationEventInternal.h */,
				50203B7119A5EE7900E76213 /* POPAnimationExtras.h */,
				50203B7219A5EE7900E76213 /* POPAnimationExtras.mm */,
				50203B7319A5EE7900E76213 /* POPAnimationInternal.h */,
				50203B7419A5EE7900E76213 /* POPAnimationPrivate.h */,
				50203B7519A5EE7900E76213 /* POPAnimationRuntime.h */,
				50203B7619A5EE7900E76213 /* POPAnimationRuntime.mm */,
				50203B7719A5EE7900E76213 /* POPAnimationTracer.h */,
				50203B7819A5EE7900E76213 /* POPAnimationTracer.mm */,
				50203B7919A5EE7900E76213 /* POPAnimationTracerInternal.h */,
				50203B7A19A5EE7900E76213 /* POPAnimator.h */,
				50203B7B19A5EE7900E76213 /* POPAnimator.mm */,
				50203B7C19A5EE7900E76213 /* POPAnimatorPrivate.h */,
				50203B7D19A5EE7900E76213 /* POPBasicAnimation.h */,
				50203B7E19A5EE7900E76213 /* POPBasicAnimation.mm */,
				50203B7F19A5EE7900E76213 /* POPBasicAnimationInternal.h */,
				50203B8019A5EE7900E76213 /* POPCGUtils.h */,
				50203B8119A5EE7900E76213 /* POPCGUtils.mm */,
				50203B8219A5EE7900E76213 /* POPCustomAnimation.h */,
				50203B8319A5EE7900E76213 /* POPCustomAnimation.mm */,
				50203B8419A5EE7900E76213 /* POPDecayAnimation.h */,
				50203B8519A5EE7900E76213 /* POPDecayAnimation.mm */,
				50203B8619A5EE7900E76213 /* POPDecayAnimationInternal.h */,
				50203B8719A5EE7900E76213 /* POPDefines.h */,
				50203B8819A5EE7900E76213 /* POPGeometry.h */,
				50203B8919A5EE7900E76213 /* POPGeometry.mm */,
				50203B8A19A5EE7900E76213 /* POPLayerExtras.h */,
				50203B8B19A5EE7900E76213 /* POPLayerExtras.mm */,
				50203B8C19A5EE7900E76213 /* POPMath.h */,
				50203B8D19A5EE7900E76213 /* POPMath.mm */,
				50203B8E19A5EE7900E76213 /* POPPropertyAnimation.h */,
				50203B8F19A5EE7900E76213 /* POPPropertyAnimation.mm */,
				50203B9019A5EE7900E76213 /* POPPropertyAnimationInternal.h */,
				50203B9119A5EE7900E76213 /* POPSpringAnimation.h */,
				50203B9219A5EE7900E76213 /* POPSpringAnimation.mm */,
				50203B9319A5EE7900E76213 /* POPSpringAnimationInternal.h */,
				50203B9419A5EE7900E76213 /* POPSpringSolver.h */,
				50203B9519A5EE7900E76213 /* POPVector.h */,
				50203B9619A5EE7900E76213 /* POPVector.mm */,
				50203B9719A5EE7900E76213 /* WebCore */,
			);
			path = pop;
			sourceTree = "<group>";
		};
		50203B9719A5EE7900E76213 /* WebCore */ = {
			isa = PBXGroup;
			children = (
				50203B9819A5EE7900E76213 /* FloatConversion.h */,
				50203B9919A5EE7900E76213 /* TransformationMatrix.cpp */,
				50203B9A19A5EE7900E76213 /* TransformationMatrix.h */,
				50203B9B19A5EE7900E76213 /* UnitBezier.h */,
			);
			path = WebCore;
			sourceTree = "<group>";
		};
		50203BB119A5EF2900E76213 /* PopControls */ = {
			isa = PBXGroup;
			children = (
				50203BB219A5EF2900E76213 /* FlatButton.h */,
				50203BB319A5EF2900E76213 /* FlatButton.m */,
			);
			name = PopControls;
			path = "Third Party/PopControls";
			sourceTree = "<group>";
		};
		506A04061A2601F700CF416E /* Controller */ = {
			isa = PBXGroup;
			children = (
				1A720DB81AFE437600FE30E6 /* Guest login Controller */,
				50980905190D2FFA0096AF42 /* WPRecognizedGuestViewController.h */,
				50980906190D2FFA0096AF42 /* WPRecognizedGuestViewController.m */,
				503D42251932248B004EE93D /* WPUnrecognizedGuestViewController.h */,
				503D42261932248B004EE93D /* WPUnrecognizedGuestViewController.m */,
				5005E24119697CE200CEAFDF /* WPSearchHostTableViewController.h */,
				5005E24219697CE200CEAFDF /* WPSearchHostTableViewController.m */,
				1A720DB21AFA894500FE30E6 /* WPSearchHostViewControllerOld.h */,
				1A720DB31AFA894500FE30E6 /* WPSearchHostViewControllerOld.m */,
				504C8F4119A9DFB600AFDB4A /* WPWatingViewController.h */,
				504C8F4219A9DFB600AFDB4A /* WPWatingViewController.m */,
			);
			name = Controller;
			sourceTree = "<group>";
		};
		506A04071A26021700CF416E /* View */ = {
			isa = PBXGroup;
			children = (
				50F29455190D5982008C7E58 /* WPFloatingView.h */,
				50F29456190D5982008C7E58 /* WPFloatingView.m */,
			);
			name = View;
			sourceTree = "<group>";
		};
		506A04081A26025200CF416E /* Resources */ = {
			isa = PBXGroup;
			children = (
				50D79FFA19C1E0B90006C043 /* CitiInnovationLabTLV.mov */,
			);
			name = Resources;
			sourceTree = "<group>";
		};
		509808FB190CF6070096AF42 /* Face Detection */ = {
			isa = PBXGroup;
			children = (
				509808F7190CF5EC0096AF42 /* WPFaceDetectionViewControolerViewController.h */,
				509808F8190CF5EC0096AF42 /* WPFaceDetectionViewControolerViewController.m */,
			);
			name = "Face Detection";
			sourceTree = "<group>";
		};
		50980900190D26B60096AF42 /* MBProgress */ = {
			isa = PBXGroup;
			children = (
				50980901190D26C50096AF42 /* MBProgressHUD.h */,
				50980902190D26C50096AF42 /* MBProgressHUD.m */,
			);
			name = MBProgress;
			sourceTree = "<group>";
		};
		50980908190D3D8C0096AF42 /* Categories */ = {
			isa = PBXGroup;
			children = (
				503D429019323FEB004EE93D /* CALayer+XibConfiguration.h */,
				503D429119323FEB004EE93D /* CALayer+XibConfiguration.m */,
				50980909190D3E030096AF42 /* NSObject+Block.h */,
				5098090A190D3E030096AF42 /* NSObject+Block.m */,
			);
			name = Categories;
			sourceTree = "<group>";
		};
		50C5106418E87DD200E93F3B = {
			isa = PBXGroup;
			children = (
				50C5107618E87DD200E93F3B /* WelcomeProject */,
				50980908190D3D8C0096AF42 /* Categories */,
				50F07355190CE5290041BA84 /* Third Party */,
				50C5106F18E87DD200E93F3B /* Frameworks */,
				50C5106E18E87DD200E93F3B /* Products */,
			);
			sourceTree = "<group>";
		};
		50C5106E18E87DD200E93F3B /* Products */ = {
			isa = PBXGroup;
			children = (
				50C5106D18E87DD200E93F3B /* WelcomeProject.app */,
			);
			name = Products;
			sourceTree = "<group>";
		};
		50C5106F18E87DD200E93F3B /* Frameworks */ = {
			isa = PBXGroup;
			children = (
				509808FE190D1B020096AF42 /* CoreImage.framework */,
				50C5107018E87DD200E93F3B /* Foundation.framework */,
				50C5107218E87DD200E93F3B /* CoreGraphics.framework */,
				50C5107418E87DD200E93F3B /* UIKit.framework */,
			);
			name = Frameworks;
			sourceTree = "<group>";
		};
		50C5107618E87DD200E93F3B /* WelcomeProject */ = {
			isa = PBXGroup;
			children = (
				50C5107F18E87DD200E93F3B /* WPAppDelegate.h */,
				50C5108018E87DD200E93F3B /* WPAppDelegate.m */,
				50C5108218E87DD200E93F3B /* Main.storyboard */,
				506A04071A26021700CF416E /* View */,
				506A04061A2601F700CF416E /* Controller */,
				50F07376190CE6090041BA84 /* Server */,
				509808FB190CF6070096AF42 /* Face Detection */,
				506A04081A26025200CF416E /* Resources */,
				50C5108818E87DD200E93F3B /* Images.xcassets */,
				50C5107718E87DD200E93F3B /* Supporting Files */,
			);
			path = WelcomeProject;
			sourceTree = "<group>";
		};
		50C5107718E87DD200E93F3B /* Supporting Files */ = {
			isa = PBXGroup;
			children = (
				50C5107818E87DD200E93F3B /* WelcomeProject-Info.plist */,
				50C5107918E87DD200E93F3B /* InfoPlist.strings */,
				50C5107C18E87DD200E93F3B /* main.m */,
				50C5107E18E87DD200E93F3B /* WelcomeProject-Prefix.pch */,
			);
			name = "Supporting Files";
			sourceTree = "<group>";
		};
		50F07355190CE5290041BA84 /* Third Party */ = {
			isa = PBXGroup;
			children = (
				50203BB119A5EF2900E76213 /* PopControls */,
				50203B6519A5EE7900E76213 /* pop */,
				50980900190D26B60096AF42 /* MBProgress */,
				50F07356190CE5520041BA84 /* AFNetworking */,
			);
			name = "Third Party";
			sourceTree = "<group>";
		};
		50F07356190CE5520041BA84 /* AFNetworking */ = {
			isa = PBXGroup;
			children = (
				50F07357190CE5520041BA84 /* AFHTTPRequestOperation.h */,
				50F07358190CE5520041BA84 /* AFHTTPRequestOperation.m */,
				50F07359190CE5520041BA84 /* AFHTTPRequestOperationManager.h */,
				50F0735A190CE5520041BA84 /* AFHTTPRequestOperationManager.m */,
				50F0735B190CE5520041BA84 /* AFHTTPSessionManager.h */,
				50F0735C190CE5520041BA84 /* AFHTTPSessionManager.m */,
				50F0735D190CE5520041BA84 /* AFNetworking.h */,
				50F0735E190CE5520041BA84 /* AFNetworkReachabilityManager.h */,
				50F0735F190CE5520041BA84 /* AFNetworkReachabilityManager.m */,
				50F07360190CE5520041BA84 /* AFSecurityPolicy.h */,
				50F07361190CE5520041BA84 /* AFSecurityPolicy.m */,
				50F07362190CE5520041BA84 /* AFURLConnectionOperation.h */,
				50F07363190CE5520041BA84 /* AFURLConnectionOperation.m */,
				50F07364190CE5520041BA84 /* AFURLRequestSerialization.h */,
				50F07365190CE5520041BA84 /* AFURLRequestSerialization.m */,
				50F07366190CE5520041BA84 /* AFURLResponseSerialization.h */,
				50F07367190CE5520041BA84 /* AFURLResponseSerialization.m */,
				50F07368190CE5520041BA84 /* AFURLSessionManager.h */,
				50F07369190CE5520041BA84 /* AFURLSessionManager.m */,
			);
			name = AFNetworking;
			path = "Third Party/AFNetworking";
			sourceTree = "<group>";
		};
		50F07376190CE6090041BA84 /* Server */ = {
			isa = PBXGroup;
			children = (
				509808F4190CE9640096AF42 /* WPInnovaServer.h */,
				509808F5190CE9640096AF42 /* WPInnovaServer.m */,
				50F07377190CE6140041BA84 /* Protocol */,
			);
			name = Server;
			sourceTree = "<group>";
		};
		50F07377190CE6140041BA84 /* Protocol */ = {
			isa = PBXGroup;
			children = (
				509808ED190CE8400096AF42 /* WPServer.h */,
			);
			name = Protocol;
			sourceTree = "<group>";
		};
/* End PBXGroup section */

/* Begin PBXNativeTarget section */
		50C5106C18E87DD200E93F3B /* WelcomeProject */ = {
			isa = PBXNativeTarget;
			buildConfigurationList = 50C5109F18E87DD200E93F3B /* Build configuration list for PBXNativeTarget "WelcomeProject" */;
			buildPhases = (
				50C5106918E87DD200E93F3B /* Sources */,
				50C5106A18E87DD200E93F3B /* Frameworks */,
				50C5106B18E87DD200E93F3B /* Resources */,
			);
			buildRules = (
			);
			dependencies = (
			);
			name = WelcomeProject;
			productName = WelcomeProject;
			productReference = 50C5106D18E87DD200E93F3B /* WelcomeProject.app */;
			productType = "com.apple.product-type.application";
		};
/* End PBXNativeTarget section */

/* Begin PBXProject section */
		50C5106518E87DD200E93F3B /* Project object */ = {
			isa = PBXProject;
			attributes = {
				CLASSPREFIX = WP;
				LastUpgradeCheck = 0510;
				ORGANIZATIONNAME = GuyKahlon;
				TargetAttributes = {
					50C5106C18E87DD200E93F3B = {
						DevelopmentTeam = UAN653T7YA;
					};
				};
			};
			buildConfigurationList = 50C5106818E87DD200E93F3B /* Build configuration list for PBXProject "WelcomeProject" */;
			compatibilityVersion = "Xcode 3.2";
			developmentRegion = English;
			hasScannedForEncodings = 0;
			knownRegions = (
				en,
				Base,
			);
			mainGroup = 50C5106418E87DD200E93F3B;
			productRefGroup = 50C5106E18E87DD200E93F3B /* Products */;
			projectDirPath = "";
			projectRoot = "";
			targets = (
				50C5106C18E87DD200E93F3B /* WelcomeProject */,
			);
		};
/* End PBXProject section */

/* Begin PBXResourcesBuildPhase section */
		50C5106B18E87DD200E93F3B /* Resources */ = {
			isa = PBXResourcesBuildPhase;
			buildActionMask = 2147483647;
			files = (
				50203B9D19A5EE7900E76213 /* LICENSE in Resources */,
				50D79FFB19C1E0B90006C043 /* CitiInnovationLabTLV.mov in Resources */,
				50C5108918E87DD200E93F3B /* Images.xcassets in Resources */,
				50C5107B18E87DD200E93F3B /* InfoPlist.strings in Resources */,
				50C5108418E87DD200E93F3B /* Main.storyboard in Resources */,
			);
			runOnlyForDeploymentPostprocessing = 0;
		};
/* End PBXResourcesBuildPhase section */

/* Begin PBXSourcesBuildPhase section */
		50C5106918E87DD200E93F3B /* Sources */ = {
			isa = PBXSourcesBuildPhase;
			buildActionMask = 2147483647;
			files = (
				50F0736A190CE5520041BA84 /* AFHTTPRequestOperation.m in Sources */,
				50203BA019A5EE7900E76213 /* POPAnimationEvent.mm in Sources */,
				50203BAA19A5EE7900E76213 /* POPLayerExtras.mm in Sources */,
				504C8F4319A9DFB600AFDB4A /* WPWatingViewController.m in Sources */,
				50203BAC19A5EE7900E76213 /* POPPropertyAnimation.mm in Sources */,
				50C5107D18E87DD200E93F3B /* main.m in Sources */,
				509808F6190CE9640096AF42 /* WPInnovaServer.m in Sources */,
				50203BA519A5EE7900E76213 /* POPBasicAnimation.mm in Sources */,
				50F0736B190CE5520041BA84 /* AFHTTPRequestOperationManager.m in Sources */,
				50203BA719A5EE7900E76213 /* POPCustomAnimation.mm in Sources */,
				503D42271932248B004EE93D /* WPUnrecognizedGuestViewController.m in Sources */,
				50203BAD19A5EE7900E76213 /* POPSpringAnimation.mm in Sources */,
				50203BA819A5EE7900E76213 /* POPDecayAnimation.mm in Sources */,
				50203B9F19A5EE7900E76213 /* POPAnimation.mm in Sources */,
				50F0736D190CE5520041BA84 /* AFNetworkReachabilityManager.m in Sources */,
				50203BA319A5EE7900E76213 /* POPAnimationTracer.mm in Sources */,
				50203BA919A5EE7900E76213 /* POPGeometry.mm in Sources */,
				503D429219323FEB004EE93D /* CALayer+XibConfiguration.m in Sources */,
				5005E24319697CE200CEAFDF /* WPSearchHostTableViewController.m in Sources */,
				50F29457190D5982008C7E58 /* WPFloatingView.m in Sources */,
				50203BB419A5EF2900E76213 /* FlatButton.m in Sources */,
				50F07371190CE5520041BA84 /* AFURLResponseSerialization.m in Sources */,
				50203BAB19A5EE7900E76213 /* POPMath.mm in Sources */,
				50F0736F190CE5520041BA84 /* AFURLConnectionOperation.m in Sources */,
				50F0736E190CE5520041BA84 /* AFSecurityPolicy.m in Sources */,
				50203BA219A5EE7900E76213 /* POPAnimationRuntime.mm in Sources */,
				50203BA119A5EE7900E76213 /* POPAnimationExtras.mm in Sources */,
				50203BAE19A5EE7900E76213 /* POPVector.mm in Sources */,
				50203BA619A5EE7900E76213 /* POPCGUtils.mm in Sources */,
				50F0736C190CE5520041BA84 /* AFHTTPSessionManager.m in Sources */,
				50203BAF19A5EE7900E76213 /* TransformationMatrix.cpp in Sources */,
				50203B9E19A5EE7900E76213 /* POPAnimatableProperty.mm in Sources */,
				50F07370190CE5520041BA84 /* AFURLRequestSerialization.m in Sources */,
				1A720DB41AFA894500FE30E6 /* WPSearchHostViewControllerOld.m in Sources */,
				5098090B190D3E030096AF42 /* NSObject+Block.m in Sources */,
				50F07372190CE5520041BA84 /* AFURLSessionManager.m in Sources */,
				50C5108118E87DD200E93F3B /* WPAppDelegate.m in Sources */,
				50C5108718E87DD200E93F3B /* WPMainViewController.m in Sources */,
				50980907190D2FFA0096AF42 /* WPRecognizedGuestViewController.m in Sources */,
				509808F9190CF5EC0096AF42 /* WPFaceDetectionViewControolerViewController.m in Sources */,
				50980903190D26C50096AF42 /* MBProgressHUD.m in Sources */,
				50203BA419A5EE7900E76213 /* POPAnimator.mm in Sources */,
			);
			runOnlyForDeploymentPostprocessing = 0;
		};
/* End PBXSourcesBuildPhase section */

/* Begin PBXVariantGroup section */
		50C5107918E87DD200E93F3B /* InfoPlist.strings */ = {
			isa = PBXVariantGroup;
			children = (
				50C5107A18E87DD200E93F3B /* en */,
			);
			name = InfoPlist.strings;
			sourceTree = "<group>";
		};
		50C5108218E87DD200E93F3B /* Main.storyboard */ = {
			isa = PBXVariantGroup;
			children = (
				50C5108318E87DD200E93F3B /* Base */,
			);
			name = Main.storyboard;
			sourceTree = "<group>";
		};
/* End PBXVariantGroup section */

/* Begin XCBuildConfiguration section */
		50C5109D18E87DD200E93F3B /* Debug */ = {
			isa = XCBuildConfiguration;
			buildSettings = {
				ALWAYS_SEARCH_USER_PATHS = NO;
				CLANG_CXX_LANGUAGE_STANDARD = "gnu++0x";
				CLANG_CXX_LIBRARY = "libc++";
				CLANG_ENABLE_MODULES = YES;
				CLANG_ENABLE_OBJC_ARC = YES;
				CLANG_WARN_BOOL_CONVERSION = YES;
				CLANG_WARN_CONSTANT_CONVERSION = YES;
				CLANG_WARN_DIRECT_OBJC_ISA_USAGE = YES_ERROR;
				CLANG_WARN_EMPTY_BODY = YES;
				CLANG_WARN_ENUM_CONVERSION = YES;
				CLANG_WARN_INT_CONVERSION = YES;
				CLANG_WARN_OBJC_ROOT_CLASS = YES_ERROR;
				CLANG_WARN__DUPLICATE_METHOD_MATCH = YES;
				"CODE_SIGN_IDENTITY[sdk=iphoneos*]" = "iPhone Developer";
				COPY_PHASE_STRIP = NO;
				GCC_C_LANGUAGE_STANDARD = gnu99;
				GCC_DYNAMIC_NO_PIC = NO;
				GCC_OPTIMIZATION_LEVEL = 0;
				GCC_PREPROCESSOR_DEFINITIONS = (
					"DEBUG=1",
					"$(inherited)",
				);
				GCC_SYMBOLS_PRIVATE_EXTERN = NO;
				GCC_WARN_64_TO_32_BIT_CONVERSION = YES;
				GCC_WARN_ABOUT_RETURN_TYPE = YES_ERROR;
				GCC_WARN_UNDECLARED_SELECTOR = YES;
				GCC_WARN_UNINITIALIZED_AUTOS = YES_AGGRESSIVE;
				GCC_WARN_UNUSED_FUNCTION = YES;
				GCC_WARN_UNUSED_VARIABLE = YES;
				IPHONEOS_DEPLOYMENT_TARGET = 7.1;
				ONLY_ACTIVE_ARCH = YES;
				SDKROOT = iphoneos;
				TARGETED_DEVICE_FAMILY = 2;
			};
			name = Debug;
		};
		50C5109E18E87DD200E93F3B /* Release */ = {
			isa = XCBuildConfiguration;
			buildSettings = {
				ALWAYS_SEARCH_USER_PATHS = NO;
				CLANG_CXX_LANGUAGE_STANDARD = "gnu++0x";
				CLANG_CXX_LIBRARY = "libc++";
				CLANG_ENABLE_MODULES = YES;
				CLANG_ENABLE_OBJC_ARC = YES;
				CLANG_WARN_BOOL_CONVERSION = YES;
				CLANG_WARN_CONSTANT_CONVERSION = YES;
				CLANG_WARN_DIRECT_OBJC_ISA_USAGE = YES_ERROR;
				CLANG_WARN_EMPTY_BODY = YES;
				CLANG_WARN_ENUM_CONVERSION = YES;
				CLANG_WARN_INT_CONVERSION = YES;
				CLANG_WARN_OBJC_ROOT_CLASS = YES_ERROR;
				CLANG_WARN__DUPLICATE_METHOD_MATCH = YES;
				"CODE_SIGN_IDENTITY[sdk=iphoneos*]" = "iPhone Developer";
				COPY_PHASE_STRIP = YES;
				ENABLE_NS_ASSERTIONS = NO;
				GCC_C_LANGUAGE_STANDARD = gnu99;
				GCC_WARN_64_TO_32_BIT_CONVERSION = YES;
				GCC_WARN_ABOUT_RETURN_TYPE = YES_ERROR;
				GCC_WARN_UNDECLARED_SELECTOR = YES;
				GCC_WARN_UNINITIALIZED_AUTOS = YES_AGGRESSIVE;
				GCC_WARN_UNUSED_FUNCTION = YES;
				GCC_WARN_UNUSED_VARIABLE = YES;
				IPHONEOS_DEPLOYMENT_TARGET = 7.1;
				SDKROOT = iphoneos;
				TARGETED_DEVICE_FAMILY = 2;
				VALIDATE_PRODUCT = YES;
			};
			name = Release;
		};
		50C510A018E87DD200E93F3B /* Debug */ = {
			isa = XCBuildConfiguration;
			buildSettings = {
				ASSETCATALOG_COMPILER_APPICON_NAME = AppIcon;
				ASSETCATALOG_COMPILER_LAUNCHIMAGE_NAME = LaunchImage;
				CODE_SIGN_IDENTITY = "iPhone Developer";
				"CODE_SIGN_IDENTITY[sdk=iphoneos*]" = "iPhone Developer";
				GCC_PRECOMPILE_PREFIX_HEADER = YES;
				GCC_PREFIX_HEADER = "WelcomeProject/WelcomeProject-Prefix.pch";
				INFOPLIST_FILE = "WelcomeProject/WelcomeProject-Info.plist";
				IPHONEOS_DEPLOYMENT_TARGET = 8.0;
				LD_RUNPATH_SEARCH_PATHS = "$(inherited) @executable_path/Frameworks";
				PRODUCT_MODULE_NAME = "$(PRODUCT_NAME:c99extidentifier)";
				PRODUCT_NAME = "$(TARGET_NAME)";
				PROVISIONING_PROFILE = "";
				WRAPPER_EXTENSION = app;
			};
			name = Debug;
		};
		50C510A118E87DD200E93F3B /* Release */ = {
			isa = XCBuildConfiguration;
			buildSettings = {
				ASSETCATALOG_COMPILER_APPICON_NAME = AppIcon;
				ASSETCATALOG_COMPILER_LAUNCHIMAGE_NAME = LaunchImage;
				CODE_SIGN_IDENTITY = "iPhone Developer";
				"CODE_SIGN_IDENTITY[sdk=iphoneos*]" = "iPhone Developer";
				GCC_PRECOMPILE_PREFIX_HEADER = YES;
				GCC_PREFIX_HEADER = "WelcomeProject/WelcomeProject-Prefix.pch";
				INFOPLIST_FILE = "WelcomeProject/WelcomeProject-Info.plist";
				IPHONEOS_DEPLOYMENT_TARGET = 8.0;
				LD_RUNPATH_SEARCH_PATHS = "$(inherited) @executable_path/Frameworks";
				PRODUCT_MODULE_NAME = "$(PRODUCT_NAME:c99extidentifier)";
				PRODUCT_NAME = "$(TARGET_NAME)";
				PROVISIONING_PROFILE = "";
				WRAPPER_EXTENSION = app;
			};
			name = Release;
		};
/* End XCBuildConfiguration section */

/* Begin XCConfigurationList section */
		50C5106818E87DD200E93F3B /* Build configuration list for PBXProject "WelcomeProject" */ = {
			isa = XCConfigurationList;
			buildConfigurations = (
				50C5109D18E87DD200E93F3B /* Debug */,
				50C5109E18E87DD200E93F3B /* Release */,
			);
			defaultConfigurationIsVisible = 0;
			defaultConfigurationName = Release;
		};
		50C5109F18E87DD200E93F3B /* Build configuration list for PBXNativeTarget "WelcomeProject" */ = {
			isa = XCConfigurationList;
			buildConfigurations = (
				50C510A018E87DD200E93F3B /* Debug */,
				50C510A118E87DD200E93F3B /* Release */,
			);
			defaultConfigurationIsVisible = 0;
			defaultConfigurationName = Release;
		};
/* End XCConfigurationList section */
	};
	rootObject = 50C5106518E87DD200E93F3B /* Project object */;
}
