// !$*UTF8*$!
{
	archiveVersion = 1;
	classes = {
	};
	objectVersion = 46;
	objects = {

/* Begin PBXBuildFile section */
		50C5107118E87DD200E93F3B /* Foundation.framework in Frameworks */ = {isa = PBXBuildFile; fileRef = 50C5107018E87DD200E93F3B /* Foundation.framework */; };
		50C5107318E87DD200E93F3B /* CoreGraphics.framework in Frameworks */ = {isa = PBXBuildFile; fileRef = 50C5107218E87DD200E93F3B /* CoreGraphics.framework */; };
		50C5107518E87DD200E93F3B /* UIKit.framework in Frameworks */ = {isa = PBXBuildFile; fileRef = 50C5107418E87DD200E93F3B /* UIKit.framework */; };
		50C5107B18E87DD200E93F3B /* InfoPlist.strings in Resources */ = {isa = PBXBuildFile; fileRef = 50C5107918E87DD200E93F3B /* InfoPlist.strings */; };
		50C5107D18E87DD200E93F3B /* main.m in Sources */ = {isa = PBXBuildFile; fileRef = 50C5107C18E87DD200E93F3B /* main.m */; };
		50C5108118E87DD200E93F3B /* WPAppDelegate.m in Sources */ = {isa = PBXBuildFile; fileRef = 50C5108018E87DD200E93F3B /* WPAppDelegate.m */; };
		50C5108418E87DD200E93F3B /* Main.storyboard in Resources */ = {isa = PBXBuildFile; fileRef = 50C5108218E87DD200E93F3B /* Main.storyboard */; };
		50C5108718E87DD200E93F3B /* WPViewController.m in Sources */ = {isa = PBXBuildFile; fileRef = 50C5108618E87DD200E93F3B /* WPViewController.m */; };
		50C5108918E87DD200E93F3B /* Images.xcassets in Resources */ = {isa = PBXBuildFile; fileRef = 50C5108818E87DD200E93F3B /* Images.xcassets */; };
		50C5109018E87DD200E93F3B /* XCTest.framework in Frameworks */ = {isa = PBXBuildFile; fileRef = 50C5108F18E87DD200E93F3B /* XCTest.framework */; };
		50C5109118E87DD200E93F3B /* Foundation.framework in Frameworks */ = {isa = PBXBuildFile; fileRef = 50C5107018E87DD200E93F3B /* Foundation.framework */; };
		50C5109218E87DD200E93F3B /* UIKit.framework in Frameworks */ = {isa = PBXBuildFile; fileRef = 50C5107418E87DD200E93F3B /* UIKit.framework */; };
		50C5109A18E87DD200E93F3B /* InfoPlist.strings in Resources */ = {isa = PBXBuildFile; fileRef = 50C5109818E87DD200E93F3B /* InfoPlist.strings */; };
		50C5109C18E87DD200E93F3B /* WelcomeProjectTests.m in Sources */ = {isa = PBXBuildFile; fileRef = 50C5109B18E87DD200E93F3B /* WelcomeProjectTests.m */; };
/* End PBXBuildFile section */

/* Begin PBXContainerItemProxy section */
		50C5109318E87DD200E93F3B /* PBXContainerItemProxy */ = {
			isa = PBXContainerItemProxy;
			containerPortal = 50C5106518E87DD200E93F3B /* Project object */;
			proxyType = 1;
			remoteGlobalIDString = 50C5106C18E87DD200E93F3B;
			remoteInfo = WelcomeProject;
		};
/* End PBXContainerItemProxy section */

/* Begin PBXFileReference section */
		50C5106D18E87DD200E93F3B /* WelcomeProject.app */ = {isa = PBXFileReference; explicitFileType = wrapper.application; includeInIndex = 0; path = WelcomeProject.app; sourceTree = BUILT_PRODUCTS_DIR; };
		50C5107018E87DD200E93F3B /* Foundation.framework */ = {isa = PBXFileReference; lastKnownFileType = wrapper.framework; name = Foundation.framework; path = System/Library/Frameworks/Foundation.framework; sourceTree = SDKROOT; };
		50C5107218E87DD200E93F3B /* CoreGraphics.framework */ = {isa = PBXFileReference; lastKnownFileType = wrapper.framework; name = CoreGraphics.framework; path = System/Library/Frameworks/CoreGraphics.framework; sourceTree = SDKROOT; };
		50C5107418E87DD200E93F3B /* UIKit.framework */ = {isa = PBXFileReference; lastKnownFileType = wrapper.framework; name = UIKit.framework; path = System/Library/Frameworks/UIKit.framework; sourceTree = SDKROOT; };
		50C5107818E87DD200E93F3B /* WelcomeProject-Info.plist */ = {isa = PBXFileReference; lastKnownFileType = text.plist.xml; path = "WelcomeProject-Info.plist"; sourceTree = "<group>"; };
		50C5107A18E87DD200E93F3B /* en */ = {isa = PBXFileReference; lastKnownFileType = text.plist.strings; name = en; path = en.lproj/InfoPlist.strings; sourceTree = "<group>"; };
		50C5107C18E87DD200E93F3B /* main.m */ = {isa = PBXFileReference; lastKnownFileType = sourcecode.c.objc; path = main.m; sourceTree = "<group>"; };
		50C5107E18E87DD200E93F3B /* WelcomeProject-Prefix.pch */ = {isa = PBXFileReference; lastKnownFileType = sourcecode.c.h; path = "WelcomeProject-Prefix.pch"; sourceTree = "<group>"; };
		50C5107F18E87DD200E93F3B /* WPAppDelegate.h */ = {isa = PBXFileReference; lastKnownFileType = sourcecode.c.h; path = WPAppDelegate.h; sourceTree = "<group>"; };
		50C5108018E87DD200E93F3B /* WPAppDelegate.m */ = {isa = PBXFileReference; lastKnownFileType = sourcecode.c.objc; path = WPAppDelegate.m; sourceTree = "<group>"; };
		50C5108318E87DD200E93F3B /* Base */ = {isa = PBXFileReference; lastKnownFileType = file.storyboard; name = Base; path = Base.lproj/Main.storyboard; sourceTree = "<group>"; };
		50C5108518E87DD200E93F3B /* WPViewController.h */ = {isa = PBXFileReference; lastKnownFileType = sourcecode.c.h; path = WPViewController.h; sourceTree = "<group>"; };
		50C5108618E87DD200E93F3B /* WPViewController.m */ = {isa = PBXFileReference; lastKnownFileType = sourcecode.c.objc; path = WPViewController.m; sourceTree = "<group>"; };
		50C5108818E87DD200E93F3B /* Images.xcassets */ = {isa = PBXFileReference; lastKnownFileType = folder.assetcatalog; path = Images.xcassets; sourceTree = "<group>"; };
		50C5108E18E87DD200E93F3B /* WelcomeProjectTests.xctest */ = {isa = PBXFileReference; explicitFileType = wrapper.cfbundle; includeInIndex = 0; path = WelcomeProjectTests.xctest; sourceTree = BUILT_PRODUCTS_DIR; };
		50C5108F18E87DD200E93F3B /* XCTest.framework */ = {isa = PBXFileReference; lastKnownFileType = wrapper.framework; name = XCTest.framework; path = Library/Frameworks/XCTest.framework; sourceTree = DEVELOPER_DIR; };
		50C5109718E87DD200E93F3B /* WelcomeProjectTests-Info.plist */ = {isa = PBXFileReference; lastKnownFileType = text.plist.xml; path = "WelcomeProjectTests-Info.plist"; sourceTree = "<group>"; };
		50C5109918E87DD200E93F3B /* en */ = {isa = PBXFileReference; lastKnownFileType = text.plist.strings; name = en; path = en.lproj/InfoPlist.strings; sourceTree = "<group>"; };
		50C5109B18E87DD200E93F3B /* WelcomeProjectTests.m */ = {isa = PBXFileReference; lastKnownFileType = sourcecode.c.objc; path = WelcomeProjectTests.m; sourceTree = "<group>"; };
/* End PBXFileReference section */

/* Begin PBXFrameworksBuildPhase section */
		50C5106A18E87DD200E93F3B /* Frameworks */ = {
			isa = PBXFrameworksBuildPhase;
			buildActionMask = 2147483647;
			files = (
				50C5107318E87DD200E93F3B /* CoreGraphics.framework in Frameworks */,
				50C5107518E87DD200E93F3B /* UIKit.framework in Frameworks */,
				50C5107118E87DD200E93F3B /* Foundation.framework in Frameworks */,
			);
			runOnlyForDeploymentPostprocessing = 0;
		};
		50C5108B18E87DD200E93F3B /* Frameworks */ = {
			isa = PBXFrameworksBuildPhase;
			buildActionMask = 2147483647;
			files = (
				50C5109018E87DD200E93F3B /* XCTest.framework in Frameworks */,
				50C5109218E87DD200E93F3B /* UIKit.framework in Frameworks */,
				50C5109118E87DD200E93F3B /* Foundation.framework in Frameworks */,
			);
			runOnlyForDeploymentPostprocessing = 0;
		};
/* End PBXFrameworksBuildPhase section */

/* Begin PBXGroup section */
		50C5106418E87DD200E93F3B = {
			isa = PBXGroup;
			children = (
				50C5107618E87DD200E93F3B /* WelcomeProject */,
				50C5109518E87DD200E93F3B /* WelcomeProjectTests */,
				50C5106F18E87DD200E93F3B /* Frameworks */,
				50C5106E18E87DD200E93F3B /* Products */,
			);
			sourceTree = "<group>";
		};
		50C5106E18E87DD200E93F3B /* Products */ = {
			isa = PBXGroup;
			children = (
				50C5106D18E87DD200E93F3B /* WelcomeProject.app */,
				50C5108E18E87DD200E93F3B /* WelcomeProjectTests.xctest */,
			);
			name = Products;
			sourceTree = "<group>";
		};
		50C5106F18E87DD200E93F3B /* Frameworks */ = {
			isa = PBXGroup;
			children = (
				50C5107018E87DD200E93F3B /* Foundation.framework */,
				50C5107218E87DD200E93F3B /* CoreGraphics.framework */,
				50C5107418E87DD200E93F3B /* UIKit.framework */,
				50C5108F18E87DD200E93F3B /* XCTest.framework */,
			);
			name = Frameworks;
			sourceTree = "<group>";
		};
		50C5107618E87DD200E93F3B /* WelcomeProject */ = {
			isa = PBXGroup;
			children = (
				50C5107F18E87DD200E93F3B /* WPAppDelegate.h */,
				50C5108018E87DD200E93F3B /* WPAppDelegate.m */,
				50C5108218E87DD200E93F3B /* Main.storyboard */,
				50C5108518E87DD200E93F3B /* WPViewController.h */,
				50C5108618E87DD200E93F3B /* WPViewController.m */,
				50C5108818E87DD200E93F3B /* Images.xcassets */,
				50C5107718E87DD200E93F3B /* Supporting Files */,
			);
			path = WelcomeProject;
			sourceTree = "<group>";
		};
		50C5107718E87DD200E93F3B /* Supporting Files */ = {
			isa = PBXGroup;
			children = (
				50C5107818E87DD200E93F3B /* WelcomeProject-Info.plist */,
				50C5107918E87DD200E93F3B /* InfoPlist.strings */,
				50C5107C18E87DD200E93F3B /* main.m */,
				50C5107E18E87DD200E93F3B /* WelcomeProject-Prefix.pch */,
			);
			name = "Supporting Files";
			sourceTree = "<group>";
		};
		50C5109518E87DD200E93F3B /* WelcomeProjectTests */ = {
			isa = PBXGroup;
			children = (
				50C5109B18E87DD200E93F3B /* WelcomeProjectTests.m */,
				50C5109618E87DD200E93F3B /* Supporting Files */,
			);
			path = WelcomeProjectTests;
			sourceTree = "<group>";
		};
		50C5109618E87DD200E93F3B /* Supporting Files */ = {
			isa = PBXGroup;
			children = (
				50C5109718E87DD200E93F3B /* WelcomeProjectTests-Info.plist */,
				50C5109818E87DD200E93F3B /* InfoPlist.strings */,
			);
			name = "Supporting Files";
			sourceTree = "<group>";
		};
/* End PBXGroup section */

/* Begin PBXNativeTarget section */
		50C5106C18E87DD200E93F3B /* WelcomeProject */ = {
			isa = PBXNativeTarget;
			buildConfigurationList = 50C5109F18E87DD200E93F3B /* Build configuration list for PBXNativeTarget "WelcomeProject" */;
			buildPhases = (
				50C5106918E87DD200E93F3B /* Sources */,
				50C5106A18E87DD200E93F3B /* Frameworks */,
				50C5106B18E87DD200E93F3B /* Resources */,
			);
			buildRules = (
			);
			dependencies = (
			);
			name = WelcomeProject;
			productName = WelcomeProject;
			productReference = 50C5106D18E87DD200E93F3B /* WelcomeProject.app */;
			productType = "com.apple.product-type.application";
		};
		50C5108D18E87DD200E93F3B /* WelcomeProjectTests */ = {
			isa = PBXNativeTarget;
			buildConfigurationList = 50C510A218E87DD200E93F3B /* Build configuration list for PBXNativeTarget "WelcomeProjectTests" */;
			buildPhases = (
				50C5108A18E87DD200E93F3B /* Sources */,
				50C5108B18E87DD200E93F3B /* Frameworks */,
				50C5108C18E87DD200E93F3B /* Resources */,
			);
			buildRules = (
			);
			dependencies = (
				50C5109418E87DD200E93F3B /* PBXTargetDependency */,
			);
			name = WelcomeProjectTests;
			productName = WelcomeProjectTests;
			productReference = 50C5108E18E87DD200E93F3B /* WelcomeProjectTests.xctest */;
			productType = "com.apple.product-type.bundle.unit-test";
		};
/* End PBXNativeTarget section */

/* Begin PBXProject section */
		50C5106518E87DD200E93F3B /* Project object */ = {
			isa = PBXProject;
			attributes = {
				CLASSPREFIX = WP;
				LastUpgradeCheck = 0510;
				ORGANIZATIONNAME = GuyKahlon;
				TargetAttributes = {
					50C5108D18E87DD200E93F3B = {
						TestTargetID = 50C5106C18E87DD200E93F3B;
					};
				};
			};
			buildConfigurationList = 50C5106818E87DD200E93F3B /* Build configuration list for PBXProject "WelcomeProject" */;
			compatibilityVersion = "Xcode 3.2";
			developmentRegion = English;
			hasScannedForEncodings = 0;
			knownRegions = (
				en,
				Base,
			);
			mainGroup = 50C5106418E87DD200E93F3B;
			productRefGroup = 50C5106E18E87DD200E93F3B /* Products */;
			projectDirPath = "";
			projectRoot = "";
			targets = (
				50C5106C18E87DD200E93F3B /* WelcomeProject */,
				50C5108D18E87DD200E93F3B /* WelcomeProjectTests */,
			);
		};
/* End PBXProject section */

/* Begin PBXResourcesBuildPhase section */
		50C5106B18E87DD200E93F3B /* Resources */ = {
			isa = PBXResourcesBuildPhase;
			buildActionMask = 2147483647;
			files = (
				50C5108918E87DD200E93F3B /* Images.xcassets in Resources */,
				50C5107B18E87DD200E93F3B /* InfoPlist.strings in Resources */,
				50C5108418E87DD200E93F3B /* Main.storyboard in Resources */,
			);
			runOnlyForDeploymentPostprocessing = 0;
		};
		50C5108C18E87DD200E93F3B /* Resources */ = {
			isa = PBXResourcesBuildPhase;
			buildActionMask = 2147483647;
			files = (
				50C5109A18E87DD200E93F3B /* InfoPlist.strings in Resources */,
			);
			runOnlyForDeploymentPostprocessing = 0;
		};
/* End PBXResourcesBuildPhase section */

/* Begin PBXSourcesBuildPhase section */
		50C5106918E87DD200E93F3B /* Sources */ = {
			isa = PBXSourcesBuildPhase;
			buildActionMask = 2147483647;
			files = (
				50C5107D18E87DD200E93F3B /* main.m in Sources */,
				50C5108118E87DD200E93F3B /* WPAppDelegate.m in Sources */,
				50C5108718E87DD200E93F3B /* WPViewController.m in Sources */,
			);
			runOnlyForDeploymentPostprocessing = 0;
		};
		50C5108A18E87DD200E93F3B /* Sources */ = {
			isa = PBXSourcesBuildPhase;
			buildActionMask = 2147483647;
			files = (
				50C5109C18E87DD200E93F3B /* WelcomeProjectTests.m in Sources */,
			);
			runOnlyForDeploymentPostprocessing = 0;
		};
/* End PBXSourcesBuildPhase section */

/* Begin PBXTargetDependency section */
		50C5109418E87DD200E93F3B /* PBXTargetDependency */ = {
			isa = PBXTargetDependency;
			target = 50C5106C18E87DD200E93F3B /* WelcomeProject */;
			targetProxy = 50C5109318E87DD200E93F3B /* PBXContainerItemProxy */;
		};
/* End PBXTargetDependency section */

/* Begin PBXVariantGroup section */
		50C5107918E87DD200E93F3B /* InfoPlist.strings */ = {
			isa = PBXVariantGroup;
			children = (
				50C5107A18E87DD200E93F3B /* en */,
			);
			name = InfoPlist.strings;
			sourceTree = "<group>";
		};
		50C5108218E87DD200E93F3B /* Main.storyboard */ = {
			isa = PBXVariantGroup;
			children = (
				50C5108318E87DD200E93F3B /* Base */,
			);
			name = Main.storyboard;
			sourceTree = "<group>";
		};
		50C5109818E87DD200E93F3B /* InfoPlist.strings */ = {
			isa = PBXVariantGroup;
			children = (
				50C5109918E87DD200E93F3B /* en */,
			);
			name = InfoPlist.strings;
			sourceTree = "<group>";
		};
/* End PBXVariantGroup section */

/* Begin XCBuildConfiguration section */
		50C5109D18E87DD200E93F3B /* Debug */ = {
			isa = XCBuildConfiguration;
			buildSettings = {
				ALWAYS_SEARCH_USER_PATHS = NO;
				CLANG_CXX_LANGUAGE_STANDARD = "gnu++0x";
				CLANG_CXX_LIBRARY = "libc++";
				CLANG_ENABLE_MODULES = YES;
				CLANG_ENABLE_OBJC_ARC = YES;
				CLANG_WARN_BOOL_CONVERSION = YES;
				CLANG_WARN_CONSTANT_CONVERSION = YES;
				CLANG_WARN_DIRECT_OBJC_ISA_USAGE = YES_ERROR;
				CLANG_WARN_EMPTY_BODY = YES;
				CLANG_WARN_ENUM_CONVERSION = YES;
				CLANG_WARN_INT_CONVERSION = YES;
				CLANG_WARN_OBJC_ROOT_CLASS = YES_ERROR;
				CLANG_WARN__DUPLICATE_METHOD_MATCH = YES;
				"CODE_SIGN_IDENTITY[sdk=iphoneos*]" = "iPhone Developer";
				COPY_PHASE_STRIP = NO;
				GCC_C_LANGUAGE_STANDARD = gnu99;
				GCC_DYNAMIC_NO_PIC = NO;
				GCC_OPTIMIZATION_LEVEL = 0;
				GCC_PREPROCESSOR_DEFINITIONS = (
					"DEBUG=1",
					"$(inherited)",
				);
				GCC_SYMBOLS_PRIVATE_EXTERN = NO;
				GCC_WARN_64_TO_32_BIT_CONVERSION = YES;
				GCC_WARN_ABOUT_RETURN_TYPE = YES_ERROR;
				GCC_WARN_UNDECLARED_SELECTOR = YES;
				GCC_WARN_UNINITIALIZED_AUTOS = YES_AGGRESSIVE;
				GCC_WARN_UNUSED_FUNCTION = YES;
				GCC_WARN_UNUSED_VARIABLE = YES;
				IPHONEOS_DEPLOYMENT_TARGET = 7.1;
				ONLY_ACTIVE_ARCH = YES;
				SDKROOT = iphoneos;
				TARGETED_DEVICE_FAMILY = 2;
			};
			name = Debug;
		};
		50C5109E18E87DD200E93F3B /* Release */ = {
			isa = XCBuildConfiguration;
			buildSettings = {
				ALWAYS_SEARCH_USER_PATHS = NO;
				CLANG_CXX_LANGUAGE_STANDARD = "gnu++0x";
				CLANG_CXX_LIBRARY = "libc++";
				CLANG_ENABLE_MODULES = YES;
				CLANG_ENABLE_OBJC_ARC = YES;
				CLANG_WARN_BOOL_CONVERSION = YES;
				CLANG_WARN_CONSTANT_CONVERSION = YES;
				CLANG_WARN_DIRECT_OBJC_ISA_USAGE = YES_ERROR;
				CLANG_WARN_EMPTY_BODY = YES;
				CLANG_WARN_ENUM_CONVERSION = YES;
				CLANG_WARN_INT_CONVERSION = YES;
				CLANG_WARN_OBJC_ROOT_CLASS = YES_ERROR;
				CLANG_WARN__DUPLICATE_METHOD_MATCH = YES;
				"CODE_SIGN_IDENTITY[sdk=iphoneos*]" = "iPhone Developer";
				COPY_PHASE_STRIP = YES;
				ENABLE_NS_ASSERTIONS = NO;
				GCC_C_LANGUAGE_STANDARD = gnu99;
				GCC_WARN_64_TO_32_BIT_CONVERSION = YES;
				GCC_WARN_ABOUT_RETURN_TYPE = YES_ERROR;
				GCC_WARN_UNDECLARED_SELECTOR = YES;
				GCC_WARN_UNINITIALIZED_AUTOS = YES_AGGRESSIVE;
				GCC_WARN_UNUSED_FUNCTION = YES;
				GCC_WARN_UNUSED_VARIABLE = YES;
				IPHONEOS_DEPLOYMENT_TARGET = 7.1;
				SDKROOT = iphoneos;
				TARGETED_DEVICE_FAMILY = 2;
				VALIDATE_PRODUCT = YES;
			};
			name = Release;
		};
		50C510A018E87DD200E93F3B /* Debug */ = {
			isa = XCBuildConfiguration;
			buildSettings = {
				ASSETCATALOG_COMPILER_APPICON_NAME = AppIcon;
				ASSETCATALOG_COMPILER_LAUNCHIMAGE_NAME = LaunchImage;
				GCC_PRECOMPILE_PREFIX_HEADER = YES;
				GCC_PREFIX_HEADER = "WelcomeProject/WelcomeProject-Prefix.pch";
				INFOPLIST_FILE = "WelcomeProject/WelcomeProject-Info.plist";
				PRODUCT_NAME = "$(TARGET_NAME)";
				WRAPPER_EXTENSION = app;
			};
			name = Debug;
		};
		50C510A118E87DD200E93F3B /* Release */ = {
			isa = XCBuildConfiguration;
			buildSettings = {
				ASSETCATALOG_COMPILER_APPICON_NAME = AppIcon;
				ASSETCATALOG_COMPILER_LAUNCHIMAGE_NAME = LaunchImage;
				GCC_PRECOMPILE_PREFIX_HEADER = YES;
				GCC_PREFIX_HEADER = "WelcomeProject/WelcomeProject-Prefix.pch";
				INFOPLIST_FILE = "WelcomeProject/WelcomeProject-Info.plist";
				PRODUCT_NAME = "$(TARGET_NAME)";
				WRAPPER_EXTENSION = app;
			};
			name = Release;
		};
		50C510A318E87DD200E93F3B /* Debug */ = {
			isa = XCBuildConfiguration;
			buildSettings = {
				BUNDLE_LOADER = "$(BUILT_PRODUCTS_DIR)/WelcomeProject.app/WelcomeProject";
				FRAMEWORK_SEARCH_PATHS = (
					"$(SDKROOT)/Developer/Library/Frameworks",
					"$(inherited)",
					"$(DEVELOPER_FRAMEWORKS_DIR)",
				);
				GCC_PRECOMPILE_PREFIX_HEADER = YES;
				GCC_PREFIX_HEADER = "WelcomeProject/WelcomeProject-Prefix.pch";
				GCC_PREPROCESSOR_DEFINITIONS = (
					"DEBUG=1",
					"$(inherited)",
				);
				INFOPLIST_FILE = "WelcomeProjectTests/WelcomeProjectTests-Info.plist";
				PRODUCT_NAME = "$(TARGET_NAME)";
				TEST_HOST = "$(BUNDLE_LOADER)";
				WRAPPER_EXTENSION = xctest;
			};
			name = Debug;
		};
		50C510A418E87DD200E93F3B /* Release */ = {
			isa = XCBuildConfiguration;
			buildSettings = {
				BUNDLE_LOADER = "$(BUILT_PRODUCTS_DIR)/WelcomeProject.app/WelcomeProject";
				FRAMEWORK_SEARCH_PATHS = (
					"$(SDKROOT)/Developer/Library/Frameworks",
					"$(inherited)",
					"$(DEVELOPER_FRAMEWORKS_DIR)",
				);
				GCC_PRECOMPILE_PREFIX_HEADER = YES;
				GCC_PREFIX_HEADER = "WelcomeProject/WelcomeProject-Prefix.pch";
				INFOPLIST_FILE = "WelcomeProjectTests/WelcomeProjectTests-Info.plist";
				PRODUCT_NAME = "$(TARGET_NAME)";
				TEST_HOST = "$(BUNDLE_LOADER)";
				WRAPPER_EXTENSION = xctest;
			};
			name = Release;
		};
/* End XCBuildConfiguration section */

/* Begin XCConfigurationList section */
		50C5106818E87DD200E93F3B /* Build configuration list for PBXProject "WelcomeProject" */ = {
			isa = XCConfigurationList;
			buildConfigurations = (
				50C5109D18E87DD200E93F3B /* Debug */,
				50C5109E18E87DD200E93F3B /* Release */,
			);
			defaultConfigurationIsVisible = 0;
			defaultConfigurationName = Release;
		};
		50C5109F18E87DD200E93F3B /* Build configuration list for PBXNativeTarget "WelcomeProject" */ = {
			isa = XCConfigurationList;
			buildConfigurations = (
				50C510A018E87DD200E93F3B /* Debug */,
				50C510A118E87DD200E93F3B /* Release */,
			);
			defaultConfigurationIsVisible = 0;
		};
		50C510A218E87DD200E93F3B /* Build configuration list for PBXNativeTarget "WelcomeProjectTests" */ = {
			isa = XCConfigurationList;
			buildConfigurations = (
				50C510A318E87DD200E93F3B /* Debug */,
				50C510A418E87DD200E93F3B /* Release */,
			);
			defaultConfigurationIsVisible = 0;
		};
/* End XCConfigurationList section */
	};
	rootObject = 50C5106518E87DD200E93F3B /* Project object */;
}
